
Microsoft Visual Studio Solution File, Format Version 12.00
# Visual Studio Version 16
VisualStudioVersion = 16.0.30711.63
MinimumVisualStudioVersion = 10.0.40219.1
Project("{FAE04EC0-301F-11D3-BF4B-00C04F79EFBC}") = "starteAlkemy", "starteAlkemy.csproj", "{3DD211A3-4EC8-4F16-AD40-E6D185A9C522}"
EndProject
Project("{FAE04EC0-301F-11D3-BF4B-00C04F79EFBC}") = "Starte.UnitTest", "Starte.UnitTest\Starte.UnitTest.csproj", "{0B0F5A42-A902-4E37-B6DD-E70AA3158FC0}"
EndProject
Project("{2150E333-8FDC-42A3-9474-1A3956D46DE8}") = "Solution Items", "Solution Items", "{BC0FAF5F-CB95-4A3D-AD9C-E69259234126}"
	ProjectSection(SolutionItems) = preProject
		.editorconfig = .editorconfig
	EndProjectSection
EndProject
Global
	GlobalSection(SolutionConfigurationPlatforms) = preSolution
		Debug|Any CPU = Debug|Any CPU
		Release|Any CPU = Release|Any CPU
	EndGlobalSection
	GlobalSection(ProjectConfigurationPlatforms) = postSolution
		{3DD211A3-4EC8-4F16-AD40-E6D185A9C522}.Debug|Any CPU.ActiveCfg = Debug|Any CPU
		{3DD211A3-4EC8-4F16-AD40-E6D185A9C522}.Debug|Any CPU.Build.0 = Debug|Any CPU
		{3DD211A3-4EC8-4F16-AD40-E6D185A9C522}.Release|Any CPU.ActiveCfg = Release|Any CPU
		{3DD211A3-4EC8-4F16-AD40-E6D185A9C522}.Release|Any CPU.Build.0 = Release|Any CPU
		{0B0F5A42-A902-4E37-B6DD-E70AA3158FC0}.Debug|Any CPU.ActiveCfg = Debug|Any CPU
		{0B0F5A42-A902-4E37-B6DD-E70AA3158FC0}.Debug|Any CPU.Build.0 = Debug|Any CPU
		{0B0F5A42-A902-4E37-B6DD-E70AA3158FC0}.Release|Any CPU.ActiveCfg = Release|Any CPU
		{0B0F5A42-A902-4E37-B6DD-E70AA3158FC0}.Release|Any CPU.Build.0 = Release|Any CPU
	EndGlobalSection
	GlobalSection(SolutionProperties) = preSolution
		HideSolutionNode = FALSE
	EndGlobalSection
	GlobalSection(ExtensibilityGlobals) = postSolution
		SolutionGuid = {A8591547-12F3-4BA5-8822-71B71E963303}
	EndGlobalSection
EndGlobal
